{
  "nodes": {
    "crane": {
      "inputs": {
        "flake-compat": "flake-compat",
        "flake-utils": "flake-utils",
        "nixpkgs": [
          "nixpkgs"
        ],
        "rust-overlay": "rust-overlay"
      },
      "locked": {
        "lastModified": 1688772518,
        "narHash": "sha256-ol7gZxwvgLnxNSZwFTDJJ49xVY5teaSvF7lzlo3YQfM=",
        "owner": "ipetkov",
        "repo": "crane",
        "rev": "8b08e96c9af8c6e3a2b69af5a7fa168750fcf88e",
        "type": "github"
      },
      "original": {
        "owner": "ipetkov",
        "repo": "crane",
        "type": "github"
      }
    },
    "dotfiles": {
      "flake": false,
      "locked": {
        "lastModified": 1688848631,
        "narHash": "sha256-0J5Or+Mko17hvHf3wSvj77FpRK+Qr6TJG7qdUKpH36Y=",
        "owner": "iliana",
        "repo": "dotfiles",
        "rev": "ecefcfa8e1ff7bf28248e871a41ef27d316dc4d3",
        "type": "github"
      },
      "original": {
        "owner": "iliana",
        "repo": "dotfiles",
        "type": "github"
      }
    },
    "emojos-dot-in": {
      "flake": false,
      "locked": {
        "lastModified": 1688712316,
        "narHash": "sha256-HU0vIM4NfEqS1rNWi3ZbmOpFTj2tTk5o52A3ZYk2yJ4=",
        "owner": "iliana",
        "repo": "emojos.in",
        "rev": "5986f2b1a5392c85e7b1de2f3e4ce72d359aeeca",
        "type": "github"
      },
      "original": {
        "owner": "iliana",
        "repo": "emojos.in",
        "type": "github"
      }
    },
    "flake-compat": {
      "flake": false,
      "locked": {
        "lastModified": 1673956053,
        "narHash": "sha256-4gtG9iQuiKITOjNQQeQIpoIB6b16fm+504Ch3sNKLd8=",
        "owner": "edolstra",
        "repo": "flake-compat",
        "rev": "35bb57c0c8d8b62bbfd284272c928ceb64ddbde9",
        "type": "github"
      },
      "original": {
        "owner": "edolstra",
        "repo": "flake-compat",
        "type": "github"
      }
    },
    "flake-compat_2": {
      "flake": false,
      "locked": {
        "lastModified": 1668681692,
        "narHash": "sha256-Ht91NGdewz8IQLtWZ9LCeNXMSXHUss+9COoqu6JLmXU=",
        "owner": "edolstra",
        "repo": "flake-compat",
        "rev": "009399224d5e398d03b22badca40a37ac85412a1",
        "type": "github"
      },
      "original": {
        "owner": "edolstra",
        "repo": "flake-compat",
        "type": "github"
      }
    },
    "flake-utils": {
      "inputs": {
        "systems": "systems"
      },
      "locked": {
        "lastModified": 1687709756,
        "narHash": "sha256-Y5wKlQSkgEK2weWdOu4J3riRd+kV/VCgHsqLNTTWQ/0=",
        "owner": "numtide",
        "repo": "flake-utils",
        "rev": "dbabf0ca0c0c4bce6ea5eaf65af5cb694d2082c7",
        "type": "github"
      },
      "original": {
        "owner": "numtide",
        "repo": "flake-utils",
        "type": "github"
      }
    },
    "flake-utils_2": {
      "inputs": {
        "systems": "systems_2"
      },
      "locked": {
        "lastModified": 1687709756,
        "narHash": "sha256-Y5wKlQSkgEK2weWdOu4J3riRd+kV/VCgHsqLNTTWQ/0=",
        "owner": "numtide",
        "repo": "flake-utils",
        "rev": "dbabf0ca0c0c4bce6ea5eaf65af5cb694d2082c7",
        "type": "github"
      },
      "original": {
        "owner": "numtide",
        "repo": "flake-utils",
        "type": "github"
      }
    },
    "flake-utils_3": {
      "locked": {
        "lastModified": 1667395993,
        "narHash": "sha256-nuEHfE/LcWyuSWnS8t12N1wc105Qtau+/OdUAjtQ0rA=",
        "owner": "numtide",
        "repo": "flake-utils",
        "rev": "5aed5285a952e0b949eb3ba02c12fa4fcfef535f",
        "type": "github"
      },
      "original": {
        "owner": "numtide",
        "repo": "flake-utils",
        "type": "github"
      }
    },
    "impermanence": {
      "locked": {
        "lastModified": 1684264534,
        "narHash": "sha256-K0zr+ry3FwIo3rN2U/VWAkCJSgBslBisvfRIPwMbuCQ=",
        "owner": "nix-community",
        "repo": "impermanence",
        "rev": "89253fb1518063556edd5e54509c30ac3089d5e6",
        "type": "github"
      },
      "original": {
        "owner": "nix-community",
        "repo": "impermanence",
        "type": "github"
      }
    },
    "nixpkgs": {
      "locked": {
        "lastModified": 1688868408,
        "narHash": "sha256-RR9N5XTAxSBhK8MCvLq9uxfdkd7etC//seVXldy0k48=",
        "owner": "NixOS",
        "repo": "nixpkgs",
        "rev": "510d721ce097150ae3b80f84b04b13b039186571",
        "type": "github"
      },
      "original": {
        "owner": "NixOS",
        "ref": "nixos-23.05",
        "repo": "nixpkgs",
        "type": "github"
      }
    },
    "nixpkgs-unstable": {
      "locked": {
        "lastModified": 1688918189,
        "narHash": "sha256-f8ZlJ67LgEUDnN7ZsAyd1/Fyby1VdOXWg4XY/irSGrQ=",
        "owner": "NixOS",
        "repo": "nixpkgs",
        "rev": "408c0e8c15a1c9cf5c3226931b6f283c9867c484",
        "type": "github"
      },
      "original": {
        "owner": "NixOS",
        "ref": "nixos-unstable",
        "repo": "nixpkgs",
        "type": "github"
      }
    },
    "oxide-cli": {
      "flake": false,
      "locked": {
        "lastModified": 1688867973,
        "narHash": "sha256-mVCGWYlbwxKd9uZ0Ah2rFq6rehZc6TUkIxmb4Gj8gXk=",
        "owner": "oxidecomputer",
        "repo": "oxide.rs",
        "rev": "ac2e4eee76d32f173470b464bb57684d833ec260",
        "type": "github"
      },
      "original": {
        "owner": "oxidecomputer",
        "repo": "oxide.rs",
        "type": "github"
      }
    },
    "root": {
      "inputs": {
        "crane": "crane",
        "dotfiles": "dotfiles",
        "emojos-dot-in": "emojos-dot-in",
        "flake-utils": "flake-utils_2",
        "impermanence": "impermanence",
        "nixpkgs": "nixpkgs",
        "nixpkgs-unstable": "nixpkgs-unstable",
        "oxide-cli": "oxide-cli",
        "tailscale": "tailscale"
      }
    },
    "rust-overlay": {
      "inputs": {
        "flake-utils": [
          "crane",
          "flake-utils"
        ],
        "nixpkgs": [
          "crane",
          "nixpkgs"
        ]
      },
      "locked": {
        "lastModified": 1688351637,
        "narHash": "sha256-CLTufJ29VxNOIZ8UTg0lepsn3X03AmopmaLTTeHDCL4=",
        "owner": "oxalica",
        "repo": "rust-overlay",
        "rev": "f9b92316727af9e6c7fee4a761242f7f46880329",
        "type": "github"
      },
      "original": {
        "owner": "oxalica",
        "repo": "rust-overlay",
        "type": "github"
      }
    },
    "systems": {
      "locked": {
        "lastModified": 1681028828,
        "narHash": "sha256-Vy1rq5AaRuLzOxct8nz4T6wlgyUR7zLU309k9mBC768=",
        "owner": "nix-systems",
        "repo": "default",
        "rev": "da67096a3b9bf56a91d16901293e51ba5b49a27e",
        "type": "github"
      },
      "original": {
        "owner": "nix-systems",
        "repo": "default",
        "type": "github"
      }
    },
    "systems_2": {
      "locked": {
        "lastModified": 1681028828,
        "narHash": "sha256-Vy1rq5AaRuLzOxct8nz4T6wlgyUR7zLU309k9mBC768=",
        "owner": "nix-systems",
        "repo": "default",
        "rev": "da67096a3b9bf56a91d16901293e51ba5b49a27e",
        "type": "github"
      },
      "original": {
        "owner": "nix-systems",
        "repo": "default",
        "type": "github"
      }
    },
    "tailscale": {
      "inputs": {
        "flake-compat": "flake-compat_2",
        "flake-utils": "flake-utils_3",
        "nixpkgs": [
          "nixpkgs"
        ]
      },
      "locked": {
        "lastModified": 1687369856,
        "narHash": "sha256-/SiQFkhVseLkjK7ePNzNyBs0r3XE3kHJ6CDTFjdCXec=",
        "owner": "tailscale",
        "repo": "tailscale",
        "rev": "b3138a71ad0b2fb7d99f0dcecc5e4bc85483bb4f",
        "type": "github"
      },
      "original": {
        "owner": "tailscale",
        "ref": "v1.44.0",
        "repo": "tailscale",
        "type": "github"
      }
    }
  },
  "root": "root",
  "version": 7
}
