{
  "nodes": {
    "crane": {
      "inputs": {
        "flake-compat": "flake-compat",
        "flake-utils": "flake-utils",
        "nixpkgs": [
          "nixpkgs"
        ],
        "rust-overlay": "rust-overlay"
      },
      "locked": {
        "lastModified": 1684468982,
        "narHash": "sha256-EoC1N5sFdmjuAP3UOkyQujSOT6EdcXTnRw8hPjJkEgc=",
        "owner": "ipetkov",
        "repo": "crane",
        "rev": "99de890b6ef4b4aab031582125b6056b792a4a30",
        "type": "github"
      },
      "original": {
        "owner": "ipetkov",
        "repo": "crane",
        "type": "github"
      }
    },
    "dotfiles": {
      "flake": false,
      "locked": {
        "lastModified": 1684270720,
        "narHash": "sha256-q8MB7pb4Iop1omPzKTgqa8s/+ERWbmie8Ij8W/FOWhc=",
        "owner": "iliana",
        "repo": "dotfiles",
        "rev": "9dff06857972b0e41d50c891f537f20f0fc45042",
        "type": "github"
      },
      "original": {
        "owner": "iliana",
        "repo": "dotfiles",
        "type": "github"
      }
    },
    "emojos-dot-in": {
      "flake": false,
      "locked": {
        "lastModified": 1684702618,
        "narHash": "sha256-YCdvY9y607MdxwiJlz/SjtAB+zVeCkPcY8F0iietbb8=",
        "owner": "iliana",
        "repo": "emojos.in",
        "rev": "db35bd004823a09fedfe269cea8c1a42aa5440db",
        "type": "github"
      },
      "original": {
        "owner": "iliana",
        "repo": "emojos.in",
        "type": "github"
      }
    },
    "flake-compat": {
      "flake": false,
      "locked": {
        "lastModified": 1673956053,
        "narHash": "sha256-4gtG9iQuiKITOjNQQeQIpoIB6b16fm+504Ch3sNKLd8=",
        "owner": "edolstra",
        "repo": "flake-compat",
        "rev": "35bb57c0c8d8b62bbfd284272c928ceb64ddbde9",
        "type": "github"
      },
      "original": {
        "owner": "edolstra",
        "repo": "flake-compat",
        "type": "github"
      }
    },
    "flake-compat_2": {
      "flake": false,
      "locked": {
        "lastModified": 1668681692,
        "narHash": "sha256-Ht91NGdewz8IQLtWZ9LCeNXMSXHUss+9COoqu6JLmXU=",
        "owner": "edolstra",
        "repo": "flake-compat",
        "rev": "009399224d5e398d03b22badca40a37ac85412a1",
        "type": "github"
      },
      "original": {
        "owner": "edolstra",
        "repo": "flake-compat",
        "type": "github"
      }
    },
    "flake-utils": {
      "inputs": {
        "systems": "systems"
      },
      "locked": {
        "lastModified": 1681202837,
        "narHash": "sha256-H+Rh19JDwRtpVPAWp64F+rlEtxUWBAQW28eAi3SRSzg=",
        "owner": "numtide",
        "repo": "flake-utils",
        "rev": "cfacdce06f30d2b68473a46042957675eebb3401",
        "type": "github"
      },
      "original": {
        "owner": "numtide",
        "repo": "flake-utils",
        "type": "github"
      }
    },
    "flake-utils_2": {
      "inputs": {
        "systems": "systems_2"
      },
      "locked": {
        "lastModified": 1681202837,
        "narHash": "sha256-H+Rh19JDwRtpVPAWp64F+rlEtxUWBAQW28eAi3SRSzg=",
        "owner": "numtide",
        "repo": "flake-utils",
        "rev": "cfacdce06f30d2b68473a46042957675eebb3401",
        "type": "github"
      },
      "original": {
        "owner": "numtide",
        "repo": "flake-utils",
        "type": "github"
      }
    },
    "flake-utils_3": {
      "inputs": {
        "systems": "systems_3"
      },
      "locked": {
        "lastModified": 1681202837,
        "narHash": "sha256-H+Rh19JDwRtpVPAWp64F+rlEtxUWBAQW28eAi3SRSzg=",
        "owner": "numtide",
        "repo": "flake-utils",
        "rev": "cfacdce06f30d2b68473a46042957675eebb3401",
        "type": "github"
      },
      "original": {
        "owner": "numtide",
        "repo": "flake-utils",
        "type": "github"
      }
    },
    "flake-utils_4": {
      "locked": {
        "lastModified": 1667395993,
        "narHash": "sha256-nuEHfE/LcWyuSWnS8t12N1wc105Qtau+/OdUAjtQ0rA=",
        "owner": "numtide",
        "repo": "flake-utils",
        "rev": "5aed5285a952e0b949eb3ba02c12fa4fcfef535f",
        "type": "github"
      },
      "original": {
        "owner": "numtide",
        "repo": "flake-utils",
        "type": "github"
      }
    },
    "impermanence": {
      "locked": {
        "lastModified": 1684264534,
        "narHash": "sha256-K0zr+ry3FwIo3rN2U/VWAkCJSgBslBisvfRIPwMbuCQ=",
        "owner": "nix-community",
        "repo": "impermanence",
        "rev": "89253fb1518063556edd5e54509c30ac3089d5e6",
        "type": "github"
      },
      "original": {
        "owner": "nix-community",
        "repo": "impermanence",
        "type": "github"
      }
    },
    "nixpkgs": {
      "locked": {
        "lastModified": 1684858140,
        "narHash": "sha256-dQStox5GYrVlVNMvxxXs3xX9bXG7J7ttSjqUcVm8EaA=",
        "owner": "NixOS",
        "repo": "nixpkgs",
        "rev": "a17f99dfcb9643200b3884ca195c69ae41d7f059",
        "type": "github"
      },
      "original": {
        "owner": "NixOS",
        "ref": "nixos-22.11",
        "repo": "nixpkgs",
        "type": "github"
      }
    },
    "nixpkgs-unstable": {
      "locked": {
        "lastModified": 1684844536,
        "narHash": "sha256-M7HhXYVqAuNb25r/d3FOO0z4GxPqDIZp5UjHFbBgw0Q=",
        "owner": "NixOS",
        "repo": "nixpkgs",
        "rev": "d30264c2691128adc261d7c9388033645f0e742b",
        "type": "github"
      },
      "original": {
        "owner": "NixOS",
        "ref": "nixos-unstable",
        "repo": "nixpkgs",
        "type": "github"
      }
    },
    "oxide-cli": {
      "flake": false,
      "locked": {
        "lastModified": 1684884472,
        "narHash": "sha256-3M+I2mmmMDXR9dKpFbtQWVeuPBkku0pmqACKSkQ/mjU=",
        "owner": "oxidecomputer",
        "repo": "oxide.rs",
        "rev": "b2c39a3d7aa56d50bb5096c5199cf2daa687fbae",
        "type": "github"
      },
      "original": {
        "owner": "oxidecomputer",
        "repo": "oxide.rs",
        "type": "github"
      }
    },
    "root": {
      "inputs": {
        "crane": "crane",
        "dotfiles": "dotfiles",
        "emojos-dot-in": "emojos-dot-in",
        "flake-utils": "flake-utils_2",
        "impermanence": "impermanence",
        "nixpkgs": "nixpkgs",
        "nixpkgs-unstable": "nixpkgs-unstable",
        "oxide-cli": "oxide-cli",
        "rust-overlay": "rust-overlay_2",
        "tailscale": "tailscale"
      }
    },
    "rust-overlay": {
      "inputs": {
        "flake-utils": [
          "crane",
          "flake-utils"
        ],
        "nixpkgs": [
          "crane",
          "nixpkgs"
        ]
      },
      "locked": {
        "lastModified": 1683080331,
        "narHash": "sha256-nGDvJ1DAxZIwdn6ww8IFwzoHb2rqBP4wv/65Wt5vflk=",
        "owner": "oxalica",
        "repo": "rust-overlay",
        "rev": "d59c3fa0cba8336e115b376c2d9e91053aa59e56",
        "type": "github"
      },
      "original": {
        "owner": "oxalica",
        "repo": "rust-overlay",
        "type": "github"
      }
    },
    "rust-overlay_2": {
      "inputs": {
        "flake-utils": "flake-utils_3",
        "nixpkgs": [
          "nixpkgs"
        ]
      },
      "locked": {
        "lastModified": 1684894917,
        "narHash": "sha256-kwKCfmliHIxKuIjnM95TRcQxM/4AAEIZ+4A9nDJ6cJs=",
        "owner": "oxalica",
        "repo": "rust-overlay",
        "rev": "9ea38d547100edcf0da19aaebbdffa2810585495",
        "type": "github"
      },
      "original": {
        "owner": "oxalica",
        "repo": "rust-overlay",
        "type": "github"
      }
    },
    "systems": {
      "locked": {
        "lastModified": 1681028828,
        "narHash": "sha256-Vy1rq5AaRuLzOxct8nz4T6wlgyUR7zLU309k9mBC768=",
        "owner": "nix-systems",
        "repo": "default",
        "rev": "da67096a3b9bf56a91d16901293e51ba5b49a27e",
        "type": "github"
      },
      "original": {
        "owner": "nix-systems",
        "repo": "default",
        "type": "github"
      }
    },
    "systems_2": {
      "locked": {
        "lastModified": 1681028828,
        "narHash": "sha256-Vy1rq5AaRuLzOxct8nz4T6wlgyUR7zLU309k9mBC768=",
        "owner": "nix-systems",
        "repo": "default",
        "rev": "da67096a3b9bf56a91d16901293e51ba5b49a27e",
        "type": "github"
      },
      "original": {
        "owner": "nix-systems",
        "repo": "default",
        "type": "github"
      }
    },
    "systems_3": {
      "locked": {
        "lastModified": 1681028828,
        "narHash": "sha256-Vy1rq5AaRuLzOxct8nz4T6wlgyUR7zLU309k9mBC768=",
        "owner": "nix-systems",
        "repo": "default",
        "rev": "da67096a3b9bf56a91d16901293e51ba5b49a27e",
        "type": "github"
      },
      "original": {
        "owner": "nix-systems",
        "repo": "default",
        "type": "github"
      }
    },
    "tailscale": {
      "inputs": {
        "flake-compat": "flake-compat_2",
        "flake-utils": "flake-utils_4",
        "nixpkgs": [
          "nixpkgs"
        ]
      },
      "locked": {
        "lastModified": 1684943944,
        "narHash": "sha256-J7seajRoUOG/nm5iYuiv3lcS5vTT1XxZTxiSmf/TjGI=",
        "owner": "tailscale",
        "repo": "tailscale",
        "rev": "ab797f0abd067750d474668ed615d7dc9d258cec",
        "type": "github"
      },
      "original": {
        "owner": "tailscale",
        "ref": "release-branch/1.42",
        "repo": "tailscale",
        "type": "github"
      }
    }
  },
  "root": "root",
  "version": 7
}
